
Microsoft Visual Studio Solution File, Format Version 12.00
# Visual Studio Version 16
VisualStudioVersion = 16.0.31729.503
MinimumVisualStudioVersion = 10.0.40219.1
Project("{FAE04EC0-301F-11D3-BF4B-00C04F79EFBC}") = "furn", "furn\furn.csproj", "{A7887926-480A-42E1-B638-7A71C8169655}"
EndProject
Global
	GlobalSection(SolutionConfigurationPlatforms) = preSolution
		Debug|Any CPU = Debug|Any CPU
		Release|Any CPU = Release|Any CPU
	EndGlobalSection
	GlobalSection(ProjectConfigurationPlatforms) = postSolution
		{A7887926-480A-42E1-B638-7A71C8169655}.Debug|Any CPU.ActiveCfg = Debug|Any CPU
		{A7887926-480A-42E1-B638-7A71C8169655}.Debug|Any CPU.Build.0 = Debug|Any CPU
		{A7887926-480A-42E1-B638-7A71C8169655}.Release|Any CPU.ActiveCfg = Release|Any CPU
		{A7887926-480A-42E1-B638-7A71C8169655}.Release|Any CPU.Build.0 = Release|Any CPU
	EndGlobalSection
	GlobalSection(SolutionProperties) = preSolution
		HideSolutionNode = FALSE
	EndGlobalSection
	GlobalSection(ExtensibilityGlobals) = postSolution
		SolutionGuid = {CBC81EA2-303D-4A7B-B512-10071E5C78E8}
	EndGlobalSection
EndGlobal
